
Microsoft Visual Studio Solution File, Format Version 12.00
# Visual Studio Version 17
VisualStudioVersion = 17.14.36511.14 d17.14
MinimumVisualStudioVersion = 10.0.40219.1
Project("{FAE04EC0-301F-11D3-BF4B-00C04F79EFBC}") = "uchebkaaa", "uchebkaaa\uchebkaaa.csproj", "{96A42CA4-E5A8-476B-AC2C-A6158D1D5112}"
EndProject
Global
	GlobalSection(SolutionConfigurationPlatforms) = preSolution
		Debug|Any CPU = Debug|Any CPU
		Release|Any CPU = Release|Any CPU
	EndGlobalSection
	GlobalSection(ProjectConfigurationPlatforms) = postSolution
		{96A42CA4-E5A8-476B-AC2C-A6158D1D5112}.Debug|Any CPU.ActiveCfg = Debug|Any CPU
		{96A42CA4-E5A8-476B-AC2C-A6158D1D5112}.Debug|Any CPU.Build.0 = Debug|Any CPU
		{96A42CA4-E5A8-476B-AC2C-A6158D1D5112}.Release|Any CPU.ActiveCfg = Release|Any CPU
		{96A42CA4-E5A8-476B-AC2C-A6158D1D5112}.Release|Any CPU.Build.0 = Release|Any CPU
	EndGlobalSection
	GlobalSection(SolutionProperties) = preSolution
		HideSolutionNode = FALSE
	EndGlobalSection
	GlobalSection(ExtensibilityGlobals) = postSolution
		SolutionGuid = {284589D8-88D7-456C-9C85-BD533177F03D}
	EndGlobalSection
EndGlobal
